Microsoft Visual Studio Solution File, Format Version 12.00
# Visual Studio 2012
Project("{FAE04EC0-301F-11D3-BF4B-00C04F79EFBC}") = "PointAndClick", "PointAndClick.csproj", "{7D69FE6E-B0FD-468D-9ACA-5EC13AD5C143}"
EndProject
Global
	GlobalSection(SolutionConfigurationPlatforms) = preSolution
	Debug|Any CPU = Debug|Any CPU
	ExportDebug|Any CPU = ExportDebug|Any CPU
	ExportRelease|Any CPU = ExportRelease|Any CPU
	EndGlobalSection
	GlobalSection(ProjectConfigurationPlatforms) = postSolution
		{7D69FE6E-B0FD-468D-9ACA-5EC13AD5C143}.Debug|Any CPU.ActiveCfg = Debug|Any CPU
		{7D69FE6E-B0FD-468D-9ACA-5EC13AD5C143}.Debug|Any CPU.Build.0 = Debug|Any CPU
		{7D69FE6E-B0FD-468D-9ACA-5EC13AD5C143}.ExportDebug|Any CPU.ActiveCfg = ExportDebug|Any CPU
		{7D69FE6E-B0FD-468D-9ACA-5EC13AD5C143}.ExportDebug|Any CPU.Build.0 = ExportDebug|Any CPU
		{7D69FE6E-B0FD-468D-9ACA-5EC13AD5C143}.ExportRelease|Any CPU.ActiveCfg = ExportRelease|Any CPU
		{7D69FE6E-B0FD-468D-9ACA-5EC13AD5C143}.ExportRelease|Any CPU.Build.0 = ExportRelease|Any CPU
	EndGlobalSection
EndGlobal
